
Microsoft Visual Studio Solution File, Format Version 12.00
# Visual Studio 14
VisualStudioVersion = 14.0.25420.1
MinimumVisualStudioVersion = 10.0.40219.1
Project("{FAE04EC0-301F-11D3-BF4B-00C04F79EFBC}") = "Player", "Player\Player.csproj", "{57F21644-4D08-45F5-AD01-89947C67D4AA}"
EndProject
Project("{FAE04EC0-301F-11D3-BF4B-00C04F79EFBC}") = "Player.Test", "Player.Test\Player.Test.csproj", "{ABAA202C-8B1F-4FDD-B96F-03CDA6769337}"
EndProject
Global
	GlobalSection(SolutionConfigurationPlatforms) = preSolution
		Debug|Any CPU = Debug|Any CPU
		Release|Any CPU = Release|Any CPU
	EndGlobalSection
	GlobalSection(ProjectConfigurationPlatforms) = postSolution
		{57F21644-4D08-45F5-AD01-89947C67D4AA}.Debug|Any CPU.ActiveCfg = Debug|Any CPU
		{57F21644-4D08-45F5-AD01-89947C67D4AA}.Debug|Any CPU.Build.0 = Debug|Any CPU
		{57F21644-4D08-45F5-AD01-89947C67D4AA}.Release|Any CPU.ActiveCfg = Release|Any CPU
		{57F21644-4D08-45F5-AD01-89947C67D4AA}.Release|Any CPU.Build.0 = Release|Any CPU
		{ABAA202C-8B1F-4FDD-B96F-03CDA6769337}.Debug|Any CPU.ActiveCfg = Debug|Any CPU
		{ABAA202C-8B1F-4FDD-B96F-03CDA6769337}.Debug|Any CPU.Build.0 = Debug|Any CPU
		{ABAA202C-8B1F-4FDD-B96F-03CDA6769337}.Release|Any CPU.ActiveCfg = Release|Any CPU
		{ABAA202C-8B1F-4FDD-B96F-03CDA6769337}.Release|Any CPU.Build.0 = Release|Any CPU
	EndGlobalSection
	GlobalSection(SolutionProperties) = preSolution
		HideSolutionNode = FALSE
	EndGlobalSection
EndGlobal
